
Microsoft Visual Studio Solution File, Format Version 12.00
# Visual Studio Version 16
VisualStudioVersion = 16.0.30413.136
MinimumVisualStudioVersion = 10.0.40219.1
Project("{FAE04EC0-301F-11D3-BF4B-00C04F79EFBC}") = "ТестовоеЗаданиеСleverence", "ТестовоеЗаданиеСleverence.csproj", "{8D007625-A756-4360-9446-6FE5FF18F2C2}"
EndProject
Project("{FAE04EC0-301F-11D3-BF4B-00C04F79EFBC}") = "Test", "Test\Test.csproj", "{3550619A-05C6-44C2-96CA-45894ABC9862}"
EndProject
Project("{FAE04EC0-301F-11D3-BF4B-00C04F79EFBC}") = "AsyncCaller", "AsyncCaller\AsyncCaller.csproj", "{1D2C0AFC-763E-4BCE-802D-7284F6B8F1CC}"
EndProject
Global
	GlobalSection(SolutionConfigurationPlatforms) = preSolution
		Debug|Any CPU = Debug|Any CPU
		Release|Any CPU = Release|Any CPU
	EndGlobalSection
	GlobalSection(ProjectConfigurationPlatforms) = postSolution
		{8D007625-A756-4360-9446-6FE5FF18F2C2}.Debug|Any CPU.ActiveCfg = Debug|Any CPU
		{8D007625-A756-4360-9446-6FE5FF18F2C2}.Debug|Any CPU.Build.0 = Debug|Any CPU
		{8D007625-A756-4360-9446-6FE5FF18F2C2}.Release|Any CPU.ActiveCfg = Release|Any CPU
		{8D007625-A756-4360-9446-6FE5FF18F2C2}.Release|Any CPU.Build.0 = Release|Any CPU
		{3550619A-05C6-44C2-96CA-45894ABC9862}.Debug|Any CPU.ActiveCfg = Debug|Any CPU
		{3550619A-05C6-44C2-96CA-45894ABC9862}.Debug|Any CPU.Build.0 = Debug|Any CPU
		{3550619A-05C6-44C2-96CA-45894ABC9862}.Release|Any CPU.ActiveCfg = Release|Any CPU
		{3550619A-05C6-44C2-96CA-45894ABC9862}.Release|Any CPU.Build.0 = Release|Any CPU
		{1D2C0AFC-763E-4BCE-802D-7284F6B8F1CC}.Debug|Any CPU.ActiveCfg = Debug|Any CPU
		{1D2C0AFC-763E-4BCE-802D-7284F6B8F1CC}.Debug|Any CPU.Build.0 = Debug|Any CPU
		{1D2C0AFC-763E-4BCE-802D-7284F6B8F1CC}.Release|Any CPU.ActiveCfg = Release|Any CPU
		{1D2C0AFC-763E-4BCE-802D-7284F6B8F1CC}.Release|Any CPU.Build.0 = Release|Any CPU
	EndGlobalSection
	GlobalSection(SolutionProperties) = preSolution
		HideSolutionNode = FALSE
	EndGlobalSection
	GlobalSection(ExtensibilityGlobals) = postSolution
		SolutionGuid = {14DDD3D6-0693-4453-834C-D99E50652C0D}
	EndGlobalSection
EndGlobal
